<Solution>
  <Folder Name="/src/">
    <Project Path="src/Voxel.Client/Voxel.Client.csproj" />
    <Project Path="src/Voxel.Server/Voxel.Server.csproj" />
    <Project Path="src/Voxel.Shared/Voxel.Shared.csproj" />
  </Folder>
  <Folder Name="/tests/">
    <Project Path="tests/Voxel.Shared.Tests/Voxel.Shared.Tests.csproj" />
  </Folder>
</Solution>
